// !$*UTF8*$!
{
	archiveVersion = 1;
	classes = {
	};
	objectVersion = 46;
	objects = {

/* Begin PBXBuildFile section */
		590755C6188079C100561819 /* LBLoginViewController.m in Sources */ = {isa = PBXBuildFile; fileRef = 590755C4188079C100561819 /* LBLoginViewController.m */; };
		590755C7188079C100561819 /* LBLoginViewController.xib in Resources */ = {isa = PBXBuildFile; fileRef = 590755C5188079C100561819 /* LBLoginViewController.xib */; };
		590755CA18807C9B00561819 /* LBUser.m in Sources */ = {isa = PBXBuildFile; fileRef = 590755C918807C9B00561819 /* LBUser.m */; };
		590755CD18807E0C00561819 /* LBSession.m in Sources */ = {isa = PBXBuildFile; fileRef = 590755CC18807E0C00561819 /* LBSession.m */; };
		590AD00018806F7400594334 /* Foundation.framework in Frameworks */ = {isa = PBXBuildFile; fileRef = 590ACFFF18806F7400594334 /* Foundation.framework */; };
		590AD00218806F7400594334 /* CoreGraphics.framework in Frameworks */ = {isa = PBXBuildFile; fileRef = 590AD00118806F7400594334 /* CoreGraphics.framework */; };
		590AD00418806F7400594334 /* UIKit.framework in Frameworks */ = {isa = PBXBuildFile; fileRef = 590AD00318806F7400594334 /* UIKit.framework */; };
		590AD00A18806F7400594334 /* InfoPlist.strings in Resources */ = {isa = PBXBuildFile; fileRef = 590AD00818806F7400594334 /* InfoPlist.strings */; };
		590AD00C18806F7400594334 /* main.m in Sources */ = {isa = PBXBuildFile; fileRef = 590AD00B18806F7400594334 /* main.m */; };
		590AD01018806F7400594334 /* LBAppDelegate.m in Sources */ = {isa = PBXBuildFile; fileRef = 590AD00F18806F7400594334 /* LBAppDelegate.m */; };
		590AD01318806F7400594334 /* Main_iPhone.storyboard in Resources */ = {isa = PBXBuildFile; fileRef = 590AD01118806F7400594334 /* Main_iPhone.storyboard */; };
		590AD01918806F7400594334 /* LBViewController.m in Sources */ = {isa = PBXBuildFile; fileRef = 590AD01818806F7400594334 /* LBViewController.m */; };
		590AD01B18806F7400594334 /* Images.xcassets in Resources */ = {isa = PBXBuildFile; fileRef = 590AD01A18806F7400594334 /* Images.xcassets */; };
		590AD02218806F7400594334 /* XCTest.framework in Frameworks */ = {isa = PBXBuildFile; fileRef = 590AD02118806F7400594334 /* XCTest.framework */; };
		590AD02318806F7400594334 /* Foundation.framework in Frameworks */ = {isa = PBXBuildFile; fileRef = 590ACFFF18806F7400594334 /* Foundation.framework */; };
		590AD02418806F7400594334 /* UIKit.framework in Frameworks */ = {isa = PBXBuildFile; fileRef = 590AD00318806F7400594334 /* UIKit.framework */; };
		590AD02C18806F7400594334 /* InfoPlist.strings in Resources */ = {isa = PBXBuildFile; fileRef = 590AD02A18806F7400594334 /* InfoPlist.strings */; };
		590AD02E18806F7400594334 /* ladybugTests.m in Sources */ = {isa = PBXBuildFile; fileRef = 590AD02D18806F7400594334 /* ladybugTests.m */; };
		590AD03A1880724B00594334 /* LBNewsfeedViewController.m in Sources */ = {isa = PBXBuildFile; fileRef = 590AD0381880724B00594334 /* LBNewsfeedViewController.m */; };
		590AD03B1880724B00594334 /* LBNewsfeedViewController.xib in Resources */ = {isa = PBXBuildFile; fileRef = 590AD0391880724B00594334 /* LBNewsfeedViewController.xib */; };
		590AD03F1880726200594334 /* LBPeopleViewController.m in Sources */ = {isa = PBXBuildFile; fileRef = 590AD03D1880726200594334 /* LBPeopleViewController.m */; };
		590AD0401880726200594334 /* LBPeopleViewController.xib in Resources */ = {isa = PBXBuildFile; fileRef = 590AD03E1880726200594334 /* LBPeopleViewController.xib */; };
		590AD0441880728500594334 /* LBProfileViewController.m in Sources */ = {isa = PBXBuildFile; fileRef = 590AD0421880728500594334 /* LBProfileViewController.m */; };
		590AD0451880728500594334 /* LBProfileViewController.xib in Resources */ = {isa = PBXBuildFile; fileRef = 590AD0431880728500594334 /* LBProfileViewController.xib */; };
		590AD047188079BC00594334 /* ladybugPic.jpeg in Resources */ = {isa = PBXBuildFile; fileRef = 590AD046188079BC00594334 /* ladybugPic.jpeg */; };
		590AD0491880802200594334 /* LBNewsfeedCell.xib in Resources */ = {isa = PBXBuildFile; fileRef = 590AD0481880802200594334 /* LBNewsfeedCell.xib */; };
		590AD04C188080A000594334 /* LBNewsfeedCell.m in Sources */ = {isa = PBXBuildFile; fileRef = 590AD04B188080A000594334 /* LBNewsfeedCell.m */; };
		590AD04E188095B000594334 /* bri.jpg in Resources */ = {isa = PBXBuildFile; fileRef = 590AD04D188095B000594334 /* bri.jpg */; };
		590AD05218809C0D00594334 /* ProfileTableCell.xib in Resources */ = {isa = PBXBuildFile; fileRef = 590AD05118809C0D00594334 /* ProfileTableCell.xib */; };
		590AD05C18809F4C00594334 /* LBProfileTableCell.m in Sources */ = {isa = PBXBuildFile; fileRef = 590AD05B18809F4C00594334 /* LBProfileTableCell.m */; };
		5991C7FC18809A6600FC6A0D /* ladybug.png in Resources */ = {isa = PBXBuildFile; fileRef = 5991C7FB18809A6600FC6A0D /* ladybug.png */; };
/* End PBXBuildFile section */

/* Begin PBXContainerItemProxy section */
		590AD02518806F7400594334 /* PBXContainerItemProxy */ = {
			isa = PBXContainerItemProxy;
			containerPortal = 590ACFF418806F7400594334 /* Project object */;
			proxyType = 1;
			remoteGlobalIDString = 590ACFFB18806F7400594334;
			remoteInfo = ladybug;
		};
/* End PBXContainerItemProxy section */

/* Begin PBXFileReference section */
		590755C3188079C100561819 /* LBLoginViewController.h */ = {isa = PBXFileReference; fileEncoding = 4; lastKnownFileType = sourcecode.c.h; path = LBLoginViewController.h; sourceTree = "<group>"; };
		590755C4188079C100561819 /* LBLoginViewController.m */ = {isa = PBXFileReference; fileEncoding = 4; lastKnownFileType = sourcecode.c.objc; path = LBLoginViewController.m; sourceTree = "<group>"; };
		590755C5188079C100561819 /* LBLoginViewController.xib */ = {isa = PBXFileReference; fileEncoding = 4; lastKnownFileType = file.xib; path = LBLoginViewController.xib; sourceTree = "<group>"; };
		590755C818807C9B00561819 /* LBUser.h */ = {isa = PBXFileReference; fileEncoding = 4; lastKnownFileType = sourcecode.c.h; path = LBUser.h; sourceTree = "<group>"; };
		590755C918807C9B00561819 /* LBUser.m */ = {isa = PBXFileReference; fileEncoding = 4; lastKnownFileType = sourcecode.c.objc; path = LBUser.m; sourceTree = "<group>"; };
		590755CB18807E0C00561819 /* LBSession.h */ = {isa = PBXFileReference; fileEncoding = 4; lastKnownFileType = sourcecode.c.h; path = LBSession.h; sourceTree = "<group>"; };
		590755CC18807E0C00561819 /* LBSession.m */ = {isa = PBXFileReference; fileEncoding = 4; lastKnownFileType = sourcecode.c.objc; path = LBSession.m; sourceTree = "<group>"; };
		590ACFFC18806F7400594334 /* ladybug.app */ = {isa = PBXFileReference; explicitFileType = wrapper.application; includeInIndex = 0; path = ladybug.app; sourceTree = BUILT_PRODUCTS_DIR; };
		590ACFFF18806F7400594334 /* Foundation.framework */ = {isa = PBXFileReference; lastKnownFileType = wrapper.framework; name = Foundation.framework; path = System/Library/Frameworks/Foundation.framework; sourceTree = SDKROOT; };
		590AD00118806F7400594334 /* CoreGraphics.framework */ = {isa = PBXFileReference; lastKnownFileType = wrapper.framework; name = CoreGraphics.framework; path = System/Library/Frameworks/CoreGraphics.framework; sourceTree = SDKROOT; };
		590AD00318806F7400594334 /* UIKit.framework */ = {isa = PBXFileReference; lastKnownFileType = wrapper.framework; name = UIKit.framework; path = System/Library/Frameworks/UIKit.framework; sourceTree = SDKROOT; };
		590AD00718806F7400594334 /* ladybug-Info.plist */ = {isa = PBXFileReference; lastKnownFileType = text.plist.xml; path = "ladybug-Info.plist"; sourceTree = "<group>"; };
		590AD00918806F7400594334 /* en */ = {isa = PBXFileReference; lastKnownFileType = text.plist.strings; name = en; path = en.lproj/InfoPlist.strings; sourceTree = "<group>"; };
		590AD00B18806F7400594334 /* main.m */ = {isa = PBXFileReference; lastKnownFileType = sourcecode.c.objc; path = main.m; sourceTree = "<group>"; };
		590AD00D18806F7400594334 /* ladybug-Prefix.pch */ = {isa = PBXFileReference; lastKnownFileType = sourcecode.c.h; path = "ladybug-Prefix.pch"; sourceTree = "<group>"; };
		590AD00E18806F7400594334 /* LBAppDelegate.h */ = {isa = PBXFileReference; lastKnownFileType = sourcecode.c.h; path = LBAppDelegate.h; sourceTree = "<group>"; };
		590AD00F18806F7400594334 /* LBAppDelegate.m */ = {isa = PBXFileReference; lastKnownFileType = sourcecode.c.objc; path = LBAppDelegate.m; sourceTree = "<group>"; };
		590AD01218806F7400594334 /* Base */ = {isa = PBXFileReference; lastKnownFileType = file.storyboard; name = Base; path = Base.lproj/Main_iPhone.storyboard; sourceTree = "<group>"; };
		590AD01718806F7400594334 /* LBViewController.h */ = {isa = PBXFileReference; lastKnownFileType = sourcecode.c.h; path = LBViewController.h; sourceTree = "<group>"; };
		590AD01818806F7400594334 /* LBViewController.m */ = {isa = PBXFileReference; lastKnownFileType = sourcecode.c.objc; path = LBViewController.m; sourceTree = "<group>"; };
		590AD01A18806F7400594334 /* Images.xcassets */ = {isa = PBXFileReference; lastKnownFileType = folder.assetcatalog; path = Images.xcassets; sourceTree = "<group>"; };
		590AD02018806F7400594334 /* ladybugTests.xctest */ = {isa = PBXFileReference; explicitFileType = wrapper.cfbundle; includeInIndex = 0; path = ladybugTests.xctest; sourceTree = BUILT_PRODUCTS_DIR; };
		590AD02118806F7400594334 /* XCTest.framework */ = {isa = PBXFileReference; lastKnownFileType = wrapper.framework; name = XCTest.framework; path = Library/Frameworks/XCTest.framework; sourceTree = DEVELOPER_DIR; };
		590AD02918806F7400594334 /* ladybugTests-Info.plist */ = {isa = PBXFileReference; lastKnownFileType = text.plist.xml; path = "ladybugTests-Info.plist"; sourceTree = "<group>"; };
		590AD02B18806F7400594334 /* en */ = {isa = PBXFileReference; lastKnownFileType = text.plist.strings; name = en; path = en.lproj/InfoPlist.strings; sourceTree = "<group>"; };
		590AD02D18806F7400594334 /* ladybugTests.m */ = {isa = PBXFileReference; lastKnownFileType = sourcecode.c.objc; path = ladybugTests.m; sourceTree = "<group>"; };
		590AD0371880724B00594334 /* LBNewsfeedViewController.h */ = {isa = PBXFileReference; fileEncoding = 4; lastKnownFileType = sourcecode.c.h; path = LBNewsfeedViewController.h; sourceTree = "<group>"; };
		590AD0381880724B00594334 /* LBNewsfeedViewController.m */ = {isa = PBXFileReference; fileEncoding = 4; lastKnownFileType = sourcecode.c.objc; path = LBNewsfeedViewController.m; sourceTree = "<group>"; };
		590AD0391880724B00594334 /* LBNewsfeedViewController.xib */ = {isa = PBXFileReference; fileEncoding = 4; lastKnownFileType = file.xib; path = LBNewsfeedViewController.xib; sourceTree = "<group>"; };
		590AD03C1880726200594334 /* LBPeopleViewController.h */ = {isa = PBXFileReference; fileEncoding = 4; lastKnownFileType = sourcecode.c.h; path = LBPeopleViewController.h; sourceTree = "<group>"; };
		590AD03D1880726200594334 /* LBPeopleViewController.m */ = {isa = PBXFileReference; fileEncoding = 4; lastKnownFileType = sourcecode.c.objc; path = LBPeopleViewController.m; sourceTree = "<group>"; };
		590AD03E1880726200594334 /* LBPeopleViewController.xib */ = {isa = PBXFileReference; fileEncoding = 4; lastKnownFileType = file.xib; path = LBPeopleViewController.xib; sourceTree = "<group>"; };
		590AD0411880728500594334 /* LBProfileViewController.h */ = {isa = PBXFileReference; fileEncoding = 4; lastKnownFileType = sourcecode.c.h; path = LBProfileViewController.h; sourceTree = "<group>"; };
		590AD0421880728500594334 /* LBProfileViewController.m */ = {isa = PBXFileReference; fileEncoding = 4; lastKnownFileType = sourcecode.c.objc; path = LBProfileViewController.m; sourceTree = "<group>"; };
		590AD0431880728500594334 /* LBProfileViewController.xib */ = {isa = PBXFileReference; fileEncoding = 4; lastKnownFileType = file.xib; path = LBProfileViewController.xib; sourceTree = "<group>"; };
		590AD046188079BC00594334 /* ladybugPic.jpeg */ = {isa = PBXFileReference; lastKnownFileType = image.jpeg; path = ladybugPic.jpeg; sourceTree = "<group>"; };
		590AD0481880802200594334 /* LBNewsfeedCell.xib */ = {isa = PBXFileReference; fileEncoding = 4; lastKnownFileType = file.xib; path = LBNewsfeedCell.xib; sourceTree = "<group>"; };
		590AD04A188080A000594334 /* LBNewsfeedCell.h */ = {isa = PBXFileReference; fileEncoding = 4; lastKnownFileType = sourcecode.c.h; path = LBNewsfeedCell.h; sourceTree = "<group>"; };
		590AD04B188080A000594334 /* LBNewsfeedCell.m */ = {isa = PBXFileReference; fileEncoding = 4; lastKnownFileType = sourcecode.c.objc; path = LBNewsfeedCell.m; sourceTree = "<group>"; };
		590AD04D188095B000594334 /* bri.jpg */ = {isa = PBXFileReference; lastKnownFileType = image.jpeg; path = bri.jpg; sourceTree = "<group>"; };
		590AD05118809C0D00594334 /* ProfileTableCell.xib */ = {isa = PBXFileReference; fileEncoding = 4; lastKnownFileType = file.xib; name = ProfileTableCell.xib; path = ../ProfileTableCell.xib; sourceTree = "<group>"; };
		590AD05A18809F4C00594334 /* LBProfileTableCell.h */ = {isa = PBXFileReference; fileEncoding = 4; lastKnownFileType = sourcecode.c.h; path = LBProfileTableCell.h; sourceTree = "<group>"; };
		590AD05B18809F4C00594334 /* LBProfileTableCell.m */ = {isa = PBXFileReference; fileEncoding = 4; lastKnownFileType = sourcecode.c.objc; path = LBProfileTableCell.m; sourceTree = "<group>"; };
		5991C7FB18809A6600FC6A0D /* ladybug.png */ = {isa = PBXFileReference; lastKnownFileType = image.png; path = ladybug.png; sourceTree = "<group>"; };
/* End PBXFileReference section */

/* Begin PBXFrameworksBuildPhase section */
		590ACFF918806F7400594334 /* Frameworks */ = {
			isa = PBXFrameworksBuildPhase;
			buildActionMask = 2147483647;
			files = (
				590AD00218806F7400594334 /* CoreGraphics.framework in Frameworks */,
				590AD00418806F7400594334 /* UIKit.framework in Frameworks */,
				590AD00018806F7400594334 /* Foundation.framework in Frameworks */,
			);
			runOnlyForDeploymentPostprocessing = 0;
		};
		590AD01D18806F7400594334 /* Frameworks */ = {
			isa = PBXFrameworksBuildPhase;
			buildActionMask = 2147483647;
			files = (
				590AD02218806F7400594334 /* XCTest.framework in Frameworks */,
				590AD02418806F7400594334 /* UIKit.framework in Frameworks */,
				590AD02318806F7400594334 /* Foundation.framework in Frameworks */,
			);
			runOnlyForDeploymentPostprocessing = 0;
		};
/* End PBXFrameworksBuildPhase section */

/* Begin PBXGroup section */
		590ACFF318806F7400594334 = {
			isa = PBXGroup;
			children = (
				590AD00518806F7400594334 /* ladybug */,
				590AD02718806F7400594334 /* ladybugTests */,
				590ACFFE18806F7400594334 /* Frameworks */,
				590ACFFD18806F7400594334 /* Products */,
			);
			sourceTree = "<group>";
		};
		590ACFFD18806F7400594334 /* Products */ = {
			isa = PBXGroup;
			children = (
				590ACFFC18806F7400594334 /* ladybug.app */,
				590AD02018806F7400594334 /* ladybugTests.xctest */,
			);
			name = Products;
			sourceTree = "<group>";
		};
		590ACFFE18806F7400594334 /* Frameworks */ = {
			isa = PBXGroup;
			children = (
				590ACFFF18806F7400594334 /* Foundation.framework */,
				590AD00118806F7400594334 /* CoreGraphics.framework */,
				590AD00318806F7400594334 /* UIKit.framework */,
				590AD02118806F7400594334 /* XCTest.framework */,
			);
			name = Frameworks;
			sourceTree = "<group>";
		};
		590AD00518806F7400594334 /* ladybug */ = {
			isa = PBXGroup;
			children = (
				590AD05318809E0900594334 /* Main stuff */,
				590AD05518809E4B00594334 /* Session */,
				590AD05418809E2E00594334 /* User */,
				590AD05618809E6500594334 /* People */,
				590AD05718809E7700594334 /* Profile */,
				590AD05818809E8700594334 /* Newsfeed */,
				590AD05918809E9800594334 /* Login */,
				590AD01A18806F7400594334 /* Images.xcassets */,
				590AD00618806F7400594334 /* Supporting Files */,
			);
			path = ladybug;
			sourceTree = "<group>";
		};
		590AD00618806F7400594334 /* Supporting Files */ = {
			isa = PBXGroup;
			children = (
				590AD04D188095B000594334 /* bri.jpg */,
				590AD046188079BC00594334 /* ladybugPic.jpeg */,
				5991C7FB18809A6600FC6A0D /* ladybug.png */,
				590AD00718806F7400594334 /* ladybug-Info.plist */,
				590AD00818806F7400594334 /* InfoPlist.strings */,
				590AD00B18806F7400594334 /* main.m */,
				590AD00D18806F7400594334 /* ladybug-Prefix.pch */,
			);
			name = "Supporting Files";
			sourceTree = "<group>";
		};
		590AD02718806F7400594334 /* ladybugTests */ = {
			isa = PBXGroup;
			children = (
				590AD02D18806F7400594334 /* ladybugTests.m */,
				590AD02818806F7400594334 /* Supporting Files */,
			);
			path = ladybugTests;
			sourceTree = "<group>";
		};
		590AD02818806F7400594334 /* Supporting Files */ = {
			isa = PBXGroup;
			children = (
				590AD02918806F7400594334 /* ladybugTests-Info.plist */,
				590AD02A18806F7400594334 /* InfoPlist.strings */,
			);
			name = "Supporting Files";
			sourceTree = "<group>";
		};
		590AD05318809E0900594334 /* Main stuff */ = {
			isa = PBXGroup;
			children = (
				590AD01818806F7400594334 /* LBViewController.m */,
				590AD00F18806F7400594334 /* LBAppDelegate.m */,
				590AD01718806F7400594334 /* LBViewController.h */,
				590AD01118806F7400594334 /* Main_iPhone.storyboard */,
				590AD00E18806F7400594334 /* LBAppDelegate.h */,
			);
			name = "Main stuff";
			sourceTree = "<group>";
		};
		590AD05418809E2E00594334 /* User */ = {
			isa = PBXGroup;
			children = (
				590755C918807C9B00561819 /* LBUser.m */,
				590755C818807C9B00561819 /* LBUser.h */,
			);
			name = User;
			sourceTree = "<group>";
		};
		590AD05518809E4B00594334 /* Session */ = {
			isa = PBXGroup;
			children = (
				590755CC18807E0C00561819 /* LBSession.m */,
				590755CB18807E0C00561819 /* LBSession.h */,
			);
			name = Session;
			sourceTree = "<group>";
		};
		590AD05618809E6500594334 /* People */ = {
			isa = PBXGroup;
			children = (
				590AD03D1880726200594334 /* LBPeopleViewController.m */,
				590AD03E1880726200594334 /* LBPeopleViewController.xib */,
				590AD03C1880726200594334 /* LBPeopleViewController.h */,
			);
			name = People;
			sourceTree = "<group>";
		};
		590AD05718809E7700594334 /* Profile */ = {
			isa = PBXGroup;
			children = (
				590AD0421880728500594334 /* LBProfileViewController.m */,
				590AD0431880728500594334 /* LBProfileViewController.xib */,
				590AD0411880728500594334 /* LBProfileViewController.h */,
				590AD05118809C0D00594334 /* ProfileTableCell.xib */,
				590AD05A18809F4C00594334 /* LBProfileTableCell.h */,
				590AD05B18809F4C00594334 /* LBProfileTableCell.m */,
			);
			name = Profile;
			sourceTree = "<group>";
		};
		590AD05818809E8700594334 /* Newsfeed */ = {
			isa = PBXGroup;
			children = (
				590AD04A188080A000594334 /* LBNewsfeedCell.h */,
				590AD04B188080A000594334 /* LBNewsfeedCell.m */,
				590AD0481880802200594334 /* LBNewsfeedCell.xib */,
				590AD0391880724B00594334 /* LBNewsfeedViewController.xib */,
				590AD0381880724B00594334 /* LBNewsfeedViewController.m */,
				590AD0371880724B00594334 /* LBNewsfeedViewController.h */,
			);
			name = Newsfeed;
			sourceTree = "<group>";
		};
		590AD05918809E9800594334 /* Login */ = {
			isa = PBXGroup;
			children = (
				590755C5188079C100561819 /* LBLoginViewController.xib */,
				590755C3188079C100561819 /* LBLoginViewController.h */,
				590755C4188079C100561819 /* LBLoginViewController.m */,
			);
			name = Login;
			sourceTree = "<group>";
		};
/* End PBXGroup section */

/* Begin PBXNativeTarget section */
		590ACFFB18806F7400594334 /* ladybug */ = {
			isa = PBXNativeTarget;
			buildConfigurationList = 590AD03118806F7400594334 /* Build configuration list for PBXNativeTarget "ladybug" */;
			buildPhases = (
				590ACFF818806F7400594334 /* Sources */,
				590ACFF918806F7400594334 /* Frameworks */,
				590ACFFA18806F7400594334 /* Resources */,
			);
			buildRules = (
			);
			dependencies = (
			);
			name = ladybug;
			productName = ladybug;
			productReference = 590ACFFC18806F7400594334 /* ladybug.app */;
			productType = "com.apple.product-type.application";
		};
		590AD01F18806F7400594334 /* ladybugTests */ = {
			isa = PBXNativeTarget;
			buildConfigurationList = 590AD03418806F7400594334 /* Build configuration list for PBXNativeTarget "ladybugTests" */;
			buildPhases = (
				590AD01C18806F7400594334 /* Sources */,
				590AD01D18806F7400594334 /* Frameworks */,
				590AD01E18806F7400594334 /* Resources */,
			);
			buildRules = (
			);
			dependencies = (
				590AD02618806F7400594334 /* PBXTargetDependency */,
			);
			name = ladybugTests;
			productName = ladybugTests;
			productReference = 590AD02018806F7400594334 /* ladybugTests.xctest */;
			productType = "com.apple.product-type.bundle.unit-test";
		};
/* End PBXNativeTarget section */

/* Begin PBXProject section */
		590ACFF418806F7400594334 /* Project object */ = {
			isa = PBXProject;
			attributes = {
				CLASSPREFIX = LB;
				LastUpgradeCheck = 0500;
				ORGANIZATIONNAME = square;
				TargetAttributes = {
					590AD01F18806F7400594334 = {
						TestTargetID = 590ACFFB18806F7400594334;
					};
				};
			};
			buildConfigurationList = 590ACFF718806F7400594334 /* Build configuration list for PBXProject "ladybug" */;
			compatibilityVersion = "Xcode 3.2";
			developmentRegion = English;
			hasScannedForEncodings = 0;
			knownRegions = (
				en,
				Base,
			);
			mainGroup = 590ACFF318806F7400594334;
			productRefGroup = 590ACFFD18806F7400594334 /* Products */;
			projectDirPath = "";
			projectRoot = "";
			targets = (
				590ACFFB18806F7400594334 /* ladybug */,
				590AD01F18806F7400594334 /* ladybugTests */,
			);
		};
/* End PBXProject section */

/* Begin PBXResourcesBuildPhase section */
		590ACFFA18806F7400594334 /* Resources */ = {
			isa = PBXResourcesBuildPhase;
			buildActionMask = 2147483647;
			files = (
				590AD0451880728500594334 /* LBProfileViewController.xib in Resources */,
				590AD047188079BC00594334 /* ladybugPic.jpeg in Resources */,
				590AD0491880802200594334 /* LBNewsfeedCell.xib in Resources */,
				590AD01B18806F7400594334 /* Images.xcassets in Resources */,
				590AD01318806F7400594334 /* Main_iPhone.storyboard in Resources */,
				590AD00A18806F7400594334 /* InfoPlist.strings in Resources */,
				590AD04E188095B000594334 /* bri.jpg in Resources */,
				590AD03B1880724B00594334 /* LBNewsfeedViewController.xib in Resources */,
				590AD05218809C0D00594334 /* ProfileTableCell.xib in Resources */,
				590AD0401880726200594334 /* LBPeopleViewController.xib in Resources */,
				5991C7FC18809A6600FC6A0D /* ladybug.png in Resources */,
				590755C7188079C100561819 /* LBLoginViewController.xib in Resources */,
			);
			runOnlyForDeploymentPostprocessing = 0;
		};
		590AD01E18806F7400594334 /* Resources */ = {
			isa = PBXResourcesBuildPhase;
			buildActionMask = 2147483647;
			files = (
				590AD02C18806F7400594334 /* InfoPlist.strings in Resources */,
			);
			runOnlyForDeploymentPostprocessing = 0;
		};
/* End PBXResourcesBuildPhase section */

/* Begin PBXSourcesBuildPhase section */
		590ACFF818806F7400594334 /* Sources */ = {
			isa = PBXSourcesBuildPhase;
			buildActionMask = 2147483647;
			files = (
				590AD01018806F7400594334 /* LBAppDelegate.m in Sources */,
				590AD00C18806F7400594334 /* main.m in Sources */,
				590AD05C18809F4C00594334 /* LBProfileTableCell.m in Sources */,
				590AD01918806F7400594334 /* LBViewController.m in Sources */,
				590AD03F1880726200594334 /* LBPeopleViewController.m in Sources */,
				590AD0441880728500594334 /* LBProfileViewController.m in Sources */,
				590AD03A1880724B00594334 /* LBNewsfeedViewController.m in Sources */,
				590AD04C188080A000594334 /* LBNewsfeedCell.m in Sources */,
				590755C6188079C100561819 /* LBLoginViewController.m in Sources */,
				590755CA18807C9B00561819 /* LBUser.m in Sources */,
				590755CD18807E0C00561819 /* LBSession.m in Sources */,
			);
			runOnlyForDeploymentPostprocessing = 0;
		};
		590AD01C18806F7400594334 /* Sources */ = {
			isa = PBXSourcesBuildPhase;
			buildActionMask = 2147483647;
			files = (
				590AD02E18806F7400594334 /* ladybugTests.m in Sources */,
			);
			runOnlyForDeploymentPostprocessing = 0;
		};
/* End PBXSourcesBuildPhase section */

/* Begin PBXTargetDependency section */
		590AD02618806F7400594334 /* PBXTargetDependency */ = {
			isa = PBXTargetDependency;
			target = 590ACFFB18806F7400594334 /* ladybug */;
			targetProxy = 590AD02518806F7400594334 /* PBXContainerItemProxy */;
		};
/* End PBXTargetDependency section */

/* Begin PBXVariantGroup section */
		590AD00818806F7400594334 /* InfoPlist.strings */ = {
			isa = PBXVariantGroup;
			children = (
				590AD00918806F7400594334 /* en */,
			);
			name = InfoPlist.strings;
			sourceTree = "<group>";
		};
		590AD01118806F7400594334 /* Main_iPhone.storyboard */ = {
			isa = PBXVariantGroup;
			children = (
				590AD01218806F7400594334 /* Base */,
			);
			name = Main_iPhone.storyboard;
			sourceTree = "<group>";
		};
		590AD02A18806F7400594334 /* InfoPlist.strings */ = {
			isa = PBXVariantGroup;
			children = (
				590AD02B18806F7400594334 /* en */,
			);
			name = InfoPlist.strings;
			sourceTree = "<group>";
		};
/* End PBXVariantGroup section */

/* Begin XCBuildConfiguration section */
		590AD02F18806F7400594334 /* Debug */ = {
			isa = XCBuildConfiguration;
			buildSettings = {
				ALWAYS_SEARCH_USER_PATHS = NO;
				ARCHS = "$(ARCHS_STANDARD_INCLUDING_64_BIT)";
				CLANG_CXX_LANGUAGE_STANDARD = "gnu++0x";
				CLANG_CXX_LIBRARY = "libc++";
				CLANG_ENABLE_MODULES = YES;
				CLANG_ENABLE_OBJC_ARC = YES;
				CLANG_WARN_BOOL_CONVERSION = YES;
				CLANG_WARN_CONSTANT_CONVERSION = YES;
				CLANG_WARN_DIRECT_OBJC_ISA_USAGE = YES_ERROR;
				CLANG_WARN_EMPTY_BODY = YES;
				CLANG_WARN_ENUM_CONVERSION = YES;
				CLANG_WARN_INT_CONVERSION = YES;
				CLANG_WARN_OBJC_ROOT_CLASS = YES_ERROR;
				CLANG_WARN__DUPLICATE_METHOD_MATCH = YES;
				"CODE_SIGN_IDENTITY[sdk=iphoneos*]" = "iPhone Developer";
				COPY_PHASE_STRIP = NO;
				GCC_C_LANGUAGE_STANDARD = gnu99;
				GCC_DYNAMIC_NO_PIC = NO;
				GCC_OPTIMIZATION_LEVEL = 0;
				GCC_PREPROCESSOR_DEFINITIONS = (
					"DEBUG=1",
					"$(inherited)",
				);
				GCC_SYMBOLS_PRIVATE_EXTERN = NO;
				GCC_WARN_64_TO_32_BIT_CONVERSION = YES;
				GCC_WARN_ABOUT_RETURN_TYPE = YES_ERROR;
				GCC_WARN_UNDECLARED_SELECTOR = YES;
				GCC_WARN_UNINITIALIZED_AUTOS = YES;
				GCC_WARN_UNUSED_FUNCTION = YES;
				GCC_WARN_UNUSED_VARIABLE = YES;
				IPHONEOS_DEPLOYMENT_TARGET = 7.0;
				ONLY_ACTIVE_ARCH = YES;
				SDKROOT = iphoneos;
				TARGETED_DEVICE_FAMILY = "1,2";
			};
			name = Debug;
		};
		590AD03018806F7400594334 /* Release */ = {
			isa = XCBuildConfiguration;
			buildSettings = {
				ALWAYS_SEARCH_USER_PATHS = NO;
				ARCHS = "$(ARCHS_STANDARD_INCLUDING_64_BIT)";
				CLANG_CXX_LANGUAGE_STANDARD = "gnu++0x";
				CLANG_CXX_LIBRARY = "libc++";
				CLANG_ENABLE_MODULES = YES;
				CLANG_ENABLE_OBJC_ARC = YES;
				CLANG_WARN_BOOL_CONVERSION = YES;
				CLANG_WARN_CONSTANT_CONVERSION = YES;
				CLANG_WARN_DIRECT_OBJC_ISA_USAGE = YES_ERROR;
				CLANG_WARN_EMPTY_BODY = YES;
				CLANG_WARN_ENUM_CONVERSION = YES;
				CLANG_WARN_INT_CONVERSION = YES;
				CLANG_WARN_OBJC_ROOT_CLASS = YES_ERROR;
				CLANG_WARN__DUPLICATE_METHOD_MATCH = YES;
				"CODE_SIGN_IDENTITY[sdk=iphoneos*]" = "iPhone Developer";
				COPY_PHASE_STRIP = YES;
				ENABLE_NS_ASSERTIONS = NO;
				GCC_C_LANGUAGE_STANDARD = gnu99;
				GCC_WARN_64_TO_32_BIT_CONVERSION = YES;
				GCC_WARN_ABOUT_RETURN_TYPE = YES_ERROR;
				GCC_WARN_UNDECLARED_SELECTOR = YES;
				GCC_WARN_UNINITIALIZED_AUTOS = YES;
				GCC_WARN_UNUSED_FUNCTION = YES;
				GCC_WARN_UNUSED_VARIABLE = YES;
				IPHONEOS_DEPLOYMENT_TARGET = 7.0;
				SDKROOT = iphoneos;
				TARGETED_DEVICE_FAMILY = "1,2";
				VALIDATE_PRODUCT = YES;
			};
			name = Release;
		};
		590AD03218806F7400594334 /* Debug */ = {
			isa = XCBuildConfiguration;
			buildSettings = {
				ASSETCATALOG_COMPILER_APPICON_NAME = AppIcon;
				ASSETCATALOG_COMPILER_LAUNCHIMAGE_NAME = LaunchImage;
				GCC_PRECOMPILE_PREFIX_HEADER = YES;
				GCC_PREFIX_HEADER = "ladybug/ladybug-Prefix.pch";
				INFOPLIST_FILE = "ladybug/ladybug-Info.plist";
				PRODUCT_NAME = "$(TARGET_NAME)";
				WRAPPER_EXTENSION = app;
			};
			name = Debug;
		};
		590AD03318806F7400594334 /* Release */ = {
			isa = XCBuildConfiguration;
			buildSettings = {
				ASSETCATALOG_COMPILER_APPICON_NAME = AppIcon;
				ASSETCATALOG_COMPILER_LAUNCHIMAGE_NAME = LaunchImage;
				GCC_PRECOMPILE_PREFIX_HEADER = YES;
				GCC_PREFIX_HEADER = "ladybug/ladybug-Prefix.pch";
				INFOPLIST_FILE = "ladybug/ladybug-Info.plist";
				PRODUCT_NAME = "$(TARGET_NAME)";
				WRAPPER_EXTENSION = app;
			};
			name = Release;
		};
		590AD03518806F7400594334 /* Debug */ = {
			isa = XCBuildConfiguration;
			buildSettings = {
				ARCHS = "$(ARCHS_STANDARD_INCLUDING_64_BIT)";
				BUNDLE_LOADER = "$(BUILT_PRODUCTS_DIR)/ladybug.app/ladybug";
				FRAMEWORK_SEARCH_PATHS = (
					"$(SDKROOT)/Developer/Library/Frameworks",
					"$(inherited)",
					"$(DEVELOPER_FRAMEWORKS_DIR)",
				);
				GCC_PRECOMPILE_PREFIX_HEADER = YES;
				GCC_PREFIX_HEADER = "ladybug/ladybug-Prefix.pch";
				GCC_PREPROCESSOR_DEFINITIONS = (
					"DEBUG=1",
					"$(inherited)",
				);
				INFOPLIST_FILE = "ladybugTests/ladybugTests-Info.plist";
				PRODUCT_NAME = "$(TARGET_NAME)";
				TEST_HOST = "$(BUNDLE_LOADER)";
				WRAPPER_EXTENSION = xctest;
			};
			name = Debug;
		};
		590AD03618806F7400594334 /* Release */ = {
			isa = XCBuildConfiguration;
			buildSettings = {
				ARCHS = "$(ARCHS_STANDARD_INCLUDING_64_BIT)";
				BUNDLE_LOADER = "$(BUILT_PRODUCTS_DIR)/ladybug.app/ladybug";
				FRAMEWORK_SEARCH_PATHS = (
					"$(SDKROOT)/Developer/Library/Frameworks",
					"$(inherited)",
					"$(DEVELOPER_FRAMEWORKS_DIR)",
				);
				GCC_PRECOMPILE_PREFIX_HEADER = YES;
				GCC_PREFIX_HEADER = "ladybug/ladybug-Prefix.pch";
				INFOPLIST_FILE = "ladybugTests/ladybugTests-Info.plist";
				PRODUCT_NAME = "$(TARGET_NAME)";
				TEST_HOST = "$(BUNDLE_LOADER)";
				WRAPPER_EXTENSION = xctest;
			};
			name = Release;
		};
/* End XCBuildConfiguration section */

/* Begin XCConfigurationList section */
		590ACFF718806F7400594334 /* Build configuration list for PBXProject "ladybug" */ = {
			isa = XCConfigurationList;
			buildConfigurations = (
				590AD02F18806F7400594334 /* Debug */,
				590AD03018806F7400594334 /* Release */,
			);
			defaultConfigurationIsVisible = 0;
			defaultConfigurationName = Release;
		};
		590AD03118806F7400594334 /* Build configuration list for PBXNativeTarget "ladybug" */ = {
			isa = XCConfigurationList;
			buildConfigurations = (
				590AD03218806F7400594334 /* Debug */,
				590AD03318806F7400594334 /* Release */,
			);
			defaultConfigurationIsVisible = 0;
			defaultConfigurationName = Release;
		};
		590AD03418806F7400594334 /* Build configuration list for PBXNativeTarget "ladybugTests" */ = {
			isa = XCConfigurationList;
			buildConfigurations = (
				590AD03518806F7400594334 /* Debug */,
				590AD03618806F7400594334 /* Release */,
			);
			defaultConfigurationIsVisible = 0;
			defaultConfigurationName = Release;
		};
/* End XCConfigurationList section */
	};
	rootObject = 590ACFF418806F7400594334 /* Project object */;
}
